
Microsoft Visual Studio Solution File, Format Version 12.00
# Visual Studio Version 17
VisualStudioVersion = 17.0.31903.59
MinimumVisualStudioVersion = 10.0.40219.1
Project("{9A19103F-16F7-4668-BE54-9A1E7A4F7556}") = "Publisher", "Publisher\Publisher.csproj", "{493F68A3-9C20-4D4E-A77B-85C9E5D79E41}"
EndProject
Project("{9A19103F-16F7-4668-BE54-9A1E7A4F7556}") = "MetricsAnalyser", "MetricsAnalyser\MetricsAnalyser.csproj", "{7905D6EB-0D0C-48AB-A95F-7F7F453A295D}"
EndProject
Project("{9A19103F-16F7-4668-BE54-9A1E7A4F7556}") = "Contracts", "Contracts\Contracts.csproj", "{66D21F15-3FD8-4917-9FCA-3682A4696290}"
EndProject
Project("{9A19103F-16F7-4668-BE54-9A1E7A4F7556}") = "KaffkaSubscriber", "KaffkaSubscriber\KaffkaSubscriber.csproj", "{77275A00-479E-4E3F-B475-87946D658C21}"
EndProject
Project("{2150E333-8FDC-42A3-9474-1A3956D46DE8}") = "Solution Items", "Solution Items", "{3DDAA487-632A-4B0C-BCB7-ECB3144DD68A}"
	ProjectSection(SolutionItems) = preProject
		biblo.txt = biblo.txt
	EndProjectSection
EndProject
Project("{9A19103F-16F7-4668-BE54-9A1E7A4F7556}") = "RESTClient", "RESTClient\RESTClient.csproj", "{56F24EAC-E5BF-48A5-B5FF-AD54D64898DF}"
EndProject
Project("{9A19103F-16F7-4668-BE54-9A1E7A4F7556}") = "AzureServiceBusSubscriberTopic", "AzureServiceBusSubscriberTopic\AzureServiceBusSubscriberTopic.csproj", "{74138A4A-D634-45BA-A8C1-6E2BF15BCAA5}"
EndProject
Project("{9A19103F-16F7-4668-BE54-9A1E7A4F7556}") = "AzureServiceBusSubscriberQueue", "AzureServiceBusSubscriberQueue\AzureServiceBusSubscriberQueue.csproj", "{789E7917-472B-49F2-B0DF-CE3E7B2EB863}"
EndProject
Project("{9A19103F-16F7-4668-BE54-9A1E7A4F7556}") = "RabbitmqSubscriberFanoutExchange", "RabbitmqSubscriberFanoutExchange\RabbitmqSubscriberFanoutExchange.csproj", "{22A21B60-7AA3-41D8-ACAA-255B65DB4EF2}"
EndProject
Project("{9A19103F-16F7-4668-BE54-9A1E7A4F7556}") = "RabbitmqSubscriberDirectExchange", "RabbitmqSubscriberDirectExchange\RabbitmqSubscriberDirectExchange.csproj", "{91C0CE59-D95E-45B8-8687-E214EF674FA0}"
EndProject
Global
	GlobalSection(SolutionConfigurationPlatforms) = preSolution
		Debug|Any CPU = Debug|Any CPU
		Release|Any CPU = Release|Any CPU
	EndGlobalSection
	GlobalSection(ProjectConfigurationPlatforms) = postSolution
		{493F68A3-9C20-4D4E-A77B-85C9E5D79E41}.Debug|Any CPU.ActiveCfg = Debug|Any CPU
		{493F68A3-9C20-4D4E-A77B-85C9E5D79E41}.Debug|Any CPU.Build.0 = Debug|Any CPU
		{493F68A3-9C20-4D4E-A77B-85C9E5D79E41}.Release|Any CPU.ActiveCfg = Release|Any CPU
		{493F68A3-9C20-4D4E-A77B-85C9E5D79E41}.Release|Any CPU.Build.0 = Release|Any CPU
		{7905D6EB-0D0C-48AB-A95F-7F7F453A295D}.Debug|Any CPU.ActiveCfg = Debug|Any CPU
		{7905D6EB-0D0C-48AB-A95F-7F7F453A295D}.Debug|Any CPU.Build.0 = Debug|Any CPU
		{7905D6EB-0D0C-48AB-A95F-7F7F453A295D}.Release|Any CPU.ActiveCfg = Release|Any CPU
		{7905D6EB-0D0C-48AB-A95F-7F7F453A295D}.Release|Any CPU.Build.0 = Release|Any CPU
		{66D21F15-3FD8-4917-9FCA-3682A4696290}.Debug|Any CPU.ActiveCfg = Debug|Any CPU
		{66D21F15-3FD8-4917-9FCA-3682A4696290}.Debug|Any CPU.Build.0 = Debug|Any CPU
		{66D21F15-3FD8-4917-9FCA-3682A4696290}.Release|Any CPU.ActiveCfg = Release|Any CPU
		{66D21F15-3FD8-4917-9FCA-3682A4696290}.Release|Any CPU.Build.0 = Release|Any CPU
		{77275A00-479E-4E3F-B475-87946D658C21}.Debug|Any CPU.ActiveCfg = Debug|Any CPU
		{77275A00-479E-4E3F-B475-87946D658C21}.Debug|Any CPU.Build.0 = Debug|Any CPU
		{77275A00-479E-4E3F-B475-87946D658C21}.Release|Any CPU.ActiveCfg = Release|Any CPU
		{77275A00-479E-4E3F-B475-87946D658C21}.Release|Any CPU.Build.0 = Release|Any CPU
		{56F24EAC-E5BF-48A5-B5FF-AD54D64898DF}.Debug|Any CPU.ActiveCfg = Debug|Any CPU
		{56F24EAC-E5BF-48A5-B5FF-AD54D64898DF}.Debug|Any CPU.Build.0 = Debug|Any CPU
		{56F24EAC-E5BF-48A5-B5FF-AD54D64898DF}.Release|Any CPU.ActiveCfg = Release|Any CPU
		{56F24EAC-E5BF-48A5-B5FF-AD54D64898DF}.Release|Any CPU.Build.0 = Release|Any CPU
		{74138A4A-D634-45BA-A8C1-6E2BF15BCAA5}.Debug|Any CPU.ActiveCfg = Debug|Any CPU
		{74138A4A-D634-45BA-A8C1-6E2BF15BCAA5}.Debug|Any CPU.Build.0 = Debug|Any CPU
		{74138A4A-D634-45BA-A8C1-6E2BF15BCAA5}.Release|Any CPU.ActiveCfg = Release|Any CPU
		{74138A4A-D634-45BA-A8C1-6E2BF15BCAA5}.Release|Any CPU.Build.0 = Release|Any CPU
		{789E7917-472B-49F2-B0DF-CE3E7B2EB863}.Debug|Any CPU.ActiveCfg = Debug|Any CPU
		{789E7917-472B-49F2-B0DF-CE3E7B2EB863}.Debug|Any CPU.Build.0 = Debug|Any CPU
		{789E7917-472B-49F2-B0DF-CE3E7B2EB863}.Release|Any CPU.ActiveCfg = Release|Any CPU
		{789E7917-472B-49F2-B0DF-CE3E7B2EB863}.Release|Any CPU.Build.0 = Release|Any CPU
		{22A21B60-7AA3-41D8-ACAA-255B65DB4EF2}.Debug|Any CPU.ActiveCfg = Debug|Any CPU
		{22A21B60-7AA3-41D8-ACAA-255B65DB4EF2}.Debug|Any CPU.Build.0 = Debug|Any CPU
		{22A21B60-7AA3-41D8-ACAA-255B65DB4EF2}.Release|Any CPU.ActiveCfg = Release|Any CPU
		{22A21B60-7AA3-41D8-ACAA-255B65DB4EF2}.Release|Any CPU.Build.0 = Release|Any CPU
		{91C0CE59-D95E-45B8-8687-E214EF674FA0}.Debug|Any CPU.ActiveCfg = Debug|Any CPU
		{91C0CE59-D95E-45B8-8687-E214EF674FA0}.Debug|Any CPU.Build.0 = Debug|Any CPU
		{91C0CE59-D95E-45B8-8687-E214EF674FA0}.Release|Any CPU.ActiveCfg = Release|Any CPU
		{91C0CE59-D95E-45B8-8687-E214EF674FA0}.Release|Any CPU.Build.0 = Release|Any CPU
	EndGlobalSection
	GlobalSection(SolutionProperties) = preSolution
		HideSolutionNode = FALSE
	EndGlobalSection
	GlobalSection(ExtensibilityGlobals) = postSolution
		SolutionGuid = {35627E5F-CB80-4CE6-B7D9-584446E04C4E}
	EndGlobalSection
EndGlobal
